
Microsoft Visual Studio Solution File, Format Version 12.00
# Visual Studio 15
VisualStudioVersion = 15.0.26430.15
MinimumVisualStudioVersion = 10.0.40219.1
Project("{2150E333-8FDC-42A3-9474-1A3956D46DE8}") = "Stage 1", "Stage 1", "{5AE9BFC1-951D-48AB-A6BA-A7FD976FBDEF}"
EndProject
Project("{FAE04EC0-301F-11D3-BF4B-00C04F79EFBC}") = "StageOne.Domain", "StageOne.Domain\StageOne.Domain.csproj", "{FAE866DB-17F4-4D36-93F1-832C16033239}"
EndProject
Project("{2150E333-8FDC-42A3-9474-1A3956D46DE8}") = "Stage 2", "Stage 2", "{C36E3829-553E-4896-A330-C89A89AD229C}"
EndProject
Project("{2150E333-8FDC-42A3-9474-1A3956D46DE8}") = "Stage 3", "Stage 3", "{1E696A69-4776-4CE4-981B-060F0F7485AA}"
EndProject
Project("{FAE04EC0-301F-11D3-BF4B-00C04F79EFBC}") = "StageTwo.Domain", "..\StageTwo.Domain\StageTwo.Domain.csproj", "{A4EF44E0-4C18-4A3F-BE51-3D1D2BD712D0}"
EndProject
Project("{FAE04EC0-301F-11D3-BF4B-00C04F79EFBC}") = "StageThree.Domain", "StageThree.Domain\StageThree.Domain.csproj", "{B6C96DFF-13EE-4AAA-A3C4-04225ABC87AA}"
EndProject
Project("{FAE04EC0-301F-11D3-BF4B-00C04F79EFBC}") = "StageOne.Tests", "StageOne.Tests\StageOne.Tests.csproj", "{7ED00878-CFAB-4127-B893-B4EB4A8116D2}"
EndProject
Project("{FAE04EC0-301F-11D3-BF4B-00C04F79EFBC}") = "StageTwo.Tests", "StageTwo.Tests\StageTwo.Tests.csproj", "{8F675899-4B4E-442A-AEAF-DB0EE975D9CB}"
EndProject
Project("{FAE04EC0-301F-11D3-BF4B-00C04F79EFBC}") = "StageThree.Tests", "StageThree.Tests\StageThree.Tests.csproj", "{26A14A08-9990-4FDC-B2B1-296CB632EF4E}"
EndProject
Global
	GlobalSection(SolutionConfigurationPlatforms) = preSolution
		Debug|Any CPU = Debug|Any CPU
		Release|Any CPU = Release|Any CPU
	EndGlobalSection
	GlobalSection(ProjectConfigurationPlatforms) = postSolution
		{FAE866DB-17F4-4D36-93F1-832C16033239}.Debug|Any CPU.ActiveCfg = Debug|Any CPU
		{FAE866DB-17F4-4D36-93F1-832C16033239}.Debug|Any CPU.Build.0 = Debug|Any CPU
		{FAE866DB-17F4-4D36-93F1-832C16033239}.Release|Any CPU.ActiveCfg = Release|Any CPU
		{FAE866DB-17F4-4D36-93F1-832C16033239}.Release|Any CPU.Build.0 = Release|Any CPU
		{A4EF44E0-4C18-4A3F-BE51-3D1D2BD712D0}.Debug|Any CPU.ActiveCfg = Debug|Any CPU
		{A4EF44E0-4C18-4A3F-BE51-3D1D2BD712D0}.Debug|Any CPU.Build.0 = Debug|Any CPU
		{A4EF44E0-4C18-4A3F-BE51-3D1D2BD712D0}.Release|Any CPU.ActiveCfg = Release|Any CPU
		{A4EF44E0-4C18-4A3F-BE51-3D1D2BD712D0}.Release|Any CPU.Build.0 = Release|Any CPU
		{B6C96DFF-13EE-4AAA-A3C4-04225ABC87AA}.Debug|Any CPU.ActiveCfg = Debug|Any CPU
		{B6C96DFF-13EE-4AAA-A3C4-04225ABC87AA}.Debug|Any CPU.Build.0 = Debug|Any CPU
		{B6C96DFF-13EE-4AAA-A3C4-04225ABC87AA}.Release|Any CPU.ActiveCfg = Release|Any CPU
		{B6C96DFF-13EE-4AAA-A3C4-04225ABC87AA}.Release|Any CPU.Build.0 = Release|Any CPU
		{7ED00878-CFAB-4127-B893-B4EB4A8116D2}.Debug|Any CPU.ActiveCfg = Debug|Any CPU
		{7ED00878-CFAB-4127-B893-B4EB4A8116D2}.Debug|Any CPU.Build.0 = Debug|Any CPU
		{7ED00878-CFAB-4127-B893-B4EB4A8116D2}.Release|Any CPU.ActiveCfg = Release|Any CPU
		{7ED00878-CFAB-4127-B893-B4EB4A8116D2}.Release|Any CPU.Build.0 = Release|Any CPU
		{8F675899-4B4E-442A-AEAF-DB0EE975D9CB}.Debug|Any CPU.ActiveCfg = Debug|Any CPU
		{8F675899-4B4E-442A-AEAF-DB0EE975D9CB}.Debug|Any CPU.Build.0 = Debug|Any CPU
		{8F675899-4B4E-442A-AEAF-DB0EE975D9CB}.Release|Any CPU.ActiveCfg = Release|Any CPU
		{8F675899-4B4E-442A-AEAF-DB0EE975D9CB}.Release|Any CPU.Build.0 = Release|Any CPU
		{26A14A08-9990-4FDC-B2B1-296CB632EF4E}.Debug|Any CPU.ActiveCfg = Debug|Any CPU
		{26A14A08-9990-4FDC-B2B1-296CB632EF4E}.Debug|Any CPU.Build.0 = Debug|Any CPU
		{26A14A08-9990-4FDC-B2B1-296CB632EF4E}.Release|Any CPU.ActiveCfg = Release|Any CPU
		{26A14A08-9990-4FDC-B2B1-296CB632EF4E}.Release|Any CPU.Build.0 = Release|Any CPU
	EndGlobalSection
	GlobalSection(SolutionProperties) = preSolution
		HideSolutionNode = FALSE
	EndGlobalSection
	GlobalSection(NestedProjects) = preSolution
		{FAE866DB-17F4-4D36-93F1-832C16033239} = {5AE9BFC1-951D-48AB-A6BA-A7FD976FBDEF}
		{A4EF44E0-4C18-4A3F-BE51-3D1D2BD712D0} = {C36E3829-553E-4896-A330-C89A89AD229C}
		{B6C96DFF-13EE-4AAA-A3C4-04225ABC87AA} = {1E696A69-4776-4CE4-981B-060F0F7485AA}
		{7ED00878-CFAB-4127-B893-B4EB4A8116D2} = {5AE9BFC1-951D-48AB-A6BA-A7FD976FBDEF}
		{8F675899-4B4E-442A-AEAF-DB0EE975D9CB} = {C36E3829-553E-4896-A330-C89A89AD229C}
		{26A14A08-9990-4FDC-B2B1-296CB632EF4E} = {1E696A69-4776-4CE4-981B-060F0F7485AA}
	EndGlobalSection
EndGlobal
